
Microsoft Visual Studio Solution File, Format Version 12.00
# Visual Studio 15
VisualStudioVersion = 15.0.28307.168
MinimumVisualStudioVersion = 10.0.40219.1
Project("{8BC9CEB8-8B4A-11D0-8D11-00A0C91BC942}") = "First_Order_CPA_GIFT_4GROUP", "First_Order_CPA_GIFT_4GROUP\First_Order_CPA_GIFT_4GROUP.vcxproj", "{845ABE4D-7358-4AA2-BEC0-383035F63738}"
EndProject
Global
	GlobalSection(SolutionConfigurationPlatforms) = preSolution
		Debug|x64 = Debug|x64
		Debug|x86 = Debug|x86
		Release|x64 = Release|x64
		Release|x86 = Release|x86
	EndGlobalSection
	GlobalSection(ProjectConfigurationPlatforms) = postSolution
		{845ABE4D-7358-4AA2-BEC0-383035F63738}.Debug|x64.ActiveCfg = Debug|x64
		{845ABE4D-7358-4AA2-BEC0-383035F63738}.Debug|x64.Build.0 = Debug|x64
		{845ABE4D-7358-4AA2-BEC0-383035F63738}.Debug|x86.ActiveCfg = Debug|Win32
		{845ABE4D-7358-4AA2-BEC0-383035F63738}.Debug|x86.Build.0 = Debug|Win32
		{845ABE4D-7358-4AA2-BEC0-383035F63738}.Release|x64.ActiveCfg = Release|x64
		{845ABE4D-7358-4AA2-BEC0-383035F63738}.Release|x64.Build.0 = Release|x64
		{845ABE4D-7358-4AA2-BEC0-383035F63738}.Release|x86.ActiveCfg = Release|Win32
		{845ABE4D-7358-4AA2-BEC0-383035F63738}.Release|x86.Build.0 = Release|Win32
	EndGlobalSection
	GlobalSection(SolutionProperties) = preSolution
		HideSolutionNode = FALSE
	EndGlobalSection
	GlobalSection(ExtensibilityGlobals) = postSolution
		SolutionGuid = {A0ACEA02-ADF8-4666-ACF3-2BAC92131DAA}
	EndGlobalSection
EndGlobal
